
Microsoft Visual Studio Solution File, Format Version 12.00
# Visual Studio 15
Project("{FAE04EC0-301F-11D3-BF4B-00C04F79EFBC}") = "Assembly-CSharp-Editor", "Assembly-CSharp-Editor.csproj", "{DE345342-B080-91A7-2BEE-153A4BA951E0}"
EndProject
Project("{FAE04EC0-301F-11D3-BF4B-00C04F79EFBC}") = "Assembly-CSharp", "Assembly-CSharp.csproj", "{791CDCE3-8DA8-FC19-ECFD-8F95CE2133E9}"
EndProject
Global
	GlobalSection(SolutionConfigurationPlatforms) = preSolution
		Debug|Any CPU = Debug|Any CPU
		Release|Any CPU = Release|Any CPU
	EndGlobalSection
	GlobalSection(ProjectConfigurationPlatforms) = postSolution
		{DE345342-B080-91A7-2BEE-153A4BA951E0}.Debug|Any CPU.ActiveCfg = Debug|Any CPU
		{DE345342-B080-91A7-2BEE-153A4BA951E0}.Debug|Any CPU.Build.0 = Debug|Any CPU
		{DE345342-B080-91A7-2BEE-153A4BA951E0}.Release|Any CPU.ActiveCfg = Release|Any CPU
		{DE345342-B080-91A7-2BEE-153A4BA951E0}.Release|Any CPU.Build.0 = Release|Any CPU
		{791CDCE3-8DA8-FC19-ECFD-8F95CE2133E9}.Debug|Any CPU.ActiveCfg = Debug|Any CPU
		{791CDCE3-8DA8-FC19-ECFD-8F95CE2133E9}.Debug|Any CPU.Build.0 = Debug|Any CPU
		{791CDCE3-8DA8-FC19-ECFD-8F95CE2133E9}.Release|Any CPU.ActiveCfg = Release|Any CPU
		{791CDCE3-8DA8-FC19-ECFD-8F95CE2133E9}.Release|Any CPU.Build.0 = Release|Any CPU
	EndGlobalSection
	GlobalSection(SolutionProperties) = preSolution
		HideSolutionNode = FALSE
	EndGlobalSection
EndGlobal
