<Solution>
  <Project Path="Assembly-CSharp.csproj" />
  <Project Path="PurrNetLobbySetup.csproj" />
  <Project Path="ParrelSync.csproj" />
  <Project Path="PurrNetLobby_Editor.csproj" />
  <Project Path="Assembly-CSharp-firstpass.csproj" />
  <Project Path="Assembly-CSharp-Editor-firstpass.csproj" />
</Solution>
