
Microsoft Visual Studio Solution File, Format Version 12.00
# Visual Studio 15
Project("{FAE04EC0-301F-11D3-BF4B-00C04F79EFBC}") = "Assembly-CSharp", "Assembly-CSharp.csproj", "{791CDCE3-8DA8-FC19-ECFD-8F95CE2133E9}"
EndProject
Project("{FAE04EC0-301F-11D3-BF4B-00C04F79EFBC}") = "ParrelSync", "ParrelSync.csproj", "{CE773EBD-DF66-D0BE-1C4C-0569417A4684}"
EndProject
Project("{FAE04EC0-301F-11D3-BF4B-00C04F79EFBC}") = "Assembly-CSharp-firstpass", "Assembly-CSharp-firstpass.csproj", "{60BBE944-6891-EF51-480B-B929D0F2D531}"
EndProject
Project("{FAE04EC0-301F-11D3-BF4B-00C04F79EFBC}") = "Assembly-CSharp-Editor-firstpass", "Assembly-CSharp-Editor-firstpass.csproj", "{811764A3-C10C-CA37-3ACF-9ADE38AD62F7}"
EndProject
Global
	GlobalSection(SolutionConfigurationPlatforms) = preSolution
		Debug|Any CPU = Debug|Any CPU
		Release|Any CPU = Release|Any CPU
	EndGlobalSection
	GlobalSection(ProjectConfigurationPlatforms) = postSolution
		{791CDCE3-8DA8-FC19-ECFD-8F95CE2133E9}.Debug|Any CPU.ActiveCfg = Debug|Any CPU
		{791CDCE3-8DA8-FC19-ECFD-8F95CE2133E9}.Debug|Any CPU.Build.0 = Debug|Any CPU
		{791CDCE3-8DA8-FC19-ECFD-8F95CE2133E9}.Release|Any CPU.ActiveCfg = Release|Any CPU
		{791CDCE3-8DA8-FC19-ECFD-8F95CE2133E9}.Release|Any CPU.Build.0 = Release|Any CPU
		{CE773EBD-DF66-D0BE-1C4C-0569417A4684}.Debug|Any CPU.ActiveCfg = Debug|Any CPU
		{CE773EBD-DF66-D0BE-1C4C-0569417A4684}.Debug|Any CPU.Build.0 = Debug|Any CPU
		{CE773EBD-DF66-D0BE-1C4C-0569417A4684}.Release|Any CPU.ActiveCfg = Release|Any CPU
		{CE773EBD-DF66-D0BE-1C4C-0569417A4684}.Release|Any CPU.Build.0 = Release|Any CPU
		{60BBE944-6891-EF51-480B-B929D0F2D531}.Debug|Any CPU.ActiveCfg = Debug|Any CPU
		{60BBE944-6891-EF51-480B-B929D0F2D531}.Debug|Any CPU.Build.0 = Debug|Any CPU
		{60BBE944-6891-EF51-480B-B929D0F2D531}.Release|Any CPU.ActiveCfg = Release|Any CPU
		{60BBE944-6891-EF51-480B-B929D0F2D531}.Release|Any CPU.Build.0 = Release|Any CPU
		{811764A3-C10C-CA37-3ACF-9ADE38AD62F7}.Debug|Any CPU.ActiveCfg = Debug|Any CPU
		{811764A3-C10C-CA37-3ACF-9ADE38AD62F7}.Debug|Any CPU.Build.0 = Debug|Any CPU
		{811764A3-C10C-CA37-3ACF-9ADE38AD62F7}.Release|Any CPU.ActiveCfg = Release|Any CPU
		{811764A3-C10C-CA37-3ACF-9ADE38AD62F7}.Release|Any CPU.Build.0 = Release|Any CPU
	EndGlobalSection
	GlobalSection(SolutionProperties) = preSolution
		HideSolutionNode = FALSE
	EndGlobalSection
EndGlobal
